
Microsoft Visual Studio Solution File, Format Version 12.00
# Visual Studio Version 17
VisualStudioVersion = 17.10.35013.160
MinimumVisualStudioVersion = 10.0.40219.1
Project("{FAE04EC0-301F-11D3-BF4B-00C04F79EFBC}") = "Raketa", "Raketa\Raketa.csproj", "{38FB30C4-00F8-4762-94F0-A4D4E764178E}"
EndProject
Global
	GlobalSection(SolutionConfigurationPlatforms) = preSolution
		Debug|Any CPU = Debug|Any CPU
		Release|Any CPU = Release|Any CPU
	EndGlobalSection
	GlobalSection(ProjectConfigurationPlatforms) = postSolution
		{38FB30C4-00F8-4762-94F0-A4D4E764178E}.Debug|Any CPU.ActiveCfg = Debug|Any CPU
		{38FB30C4-00F8-4762-94F0-A4D4E764178E}.Debug|Any CPU.Build.0 = Debug|Any CPU
		{38FB30C4-00F8-4762-94F0-A4D4E764178E}.Release|Any CPU.ActiveCfg = Release|Any CPU
		{38FB30C4-00F8-4762-94F0-A4D4E764178E}.Release|Any CPU.Build.0 = Release|Any CPU
	EndGlobalSection
	GlobalSection(SolutionProperties) = preSolution
		HideSolutionNode = FALSE
	EndGlobalSection
	GlobalSection(ExtensibilityGlobals) = postSolution
		SolutionGuid = {CB3C9089-F08D-469F-AAC7-AB8AFC9E6495}
	EndGlobalSection
EndGlobal
